
Microsoft Visual Studio Solution File, Format Version 12.00
# Visual Studio Version 16
VisualStudioVersion = 16.0.31911.196
MinimumVisualStudioVersion = 10.0.40219.1
Project("{FAE04EC0-301F-11D3-BF4B-00C04F79EFBC}") = "Задача23", "Задача23\Задача23.csproj", "{BF3D1A17-1BA8-4457-A774-EDB598FF842D}"
EndProject
Global
	GlobalSection(SolutionConfigurationPlatforms) = preSolution
		Debug|Any CPU = Debug|Any CPU
		Release|Any CPU = Release|Any CPU
	EndGlobalSection
	GlobalSection(ProjectConfigurationPlatforms) = postSolution
		{BF3D1A17-1BA8-4457-A774-EDB598FF842D}.Debug|Any CPU.ActiveCfg = Debug|Any CPU
		{BF3D1A17-1BA8-4457-A774-EDB598FF842D}.Debug|Any CPU.Build.0 = Debug|Any CPU
		{BF3D1A17-1BA8-4457-A774-EDB598FF842D}.Release|Any CPU.ActiveCfg = Release|Any CPU
		{BF3D1A17-1BA8-4457-A774-EDB598FF842D}.Release|Any CPU.Build.0 = Release|Any CPU
	EndGlobalSection
	GlobalSection(SolutionProperties) = preSolution
		HideSolutionNode = FALSE
	EndGlobalSection
	GlobalSection(ExtensibilityGlobals) = postSolution
		SolutionGuid = {5E997D3B-C81E-410B-B4B2-39FE2EAEF2F5}
	EndGlobalSection
EndGlobal
